// !$*UTF8*$!
{
	archiveVersion = 1;
	classes = {
	};
	objectVersion = 48;
	objects = {

/* Begin PBXAggregateTarget section */
		071997252045EE3D004719FA /* Documentation */ = {
			isa = PBXAggregateTarget;
			buildConfigurationList = 071997282045EE3D004719FA /* Build configuration list for PBXAggregateTarget "Documentation" */;
			buildPhases = (
				071997292045EE42004719FA /* Build Documentation w/ Jazzy */,
			);
			dependencies = (
			);
			name = Documentation;
			productName = Documentation;
		};
		07A224E7200BE2C6000866C7 /* Framework */ = {
			isa = PBXAggregateTarget;
			buildConfigurationList = 07A224E8200BE2C6000866C7 /* Build configuration list for PBXAggregateTarget "Framework" */;
			buildPhases = (
				07A224ED200BE2D1000866C7 /* Multi-Platform Bind */,
			);
			dependencies = (
				07A224F9200BE347000866C7 /* PBXTargetDependency */,
				07A224EC200BE2CD000866C7 /* PBXTargetDependency */,
			);
			name = Framework;
			productName = Framework;
		};
/* End PBXAggregateTarget section */

/* Begin PBXBuildFile section */
		0720DB78204EF72F0027BDC3 /* CPUNames.plist in Resources */ = {isa = PBXBuildFile; fileRef = 0720DB77204EF72F0027BDC3 /* CPUNames.plist */; };
		0725CFD220179F2B00701B89 /* SKProcessorInfo.h in Headers */ = {isa = PBXBuildFile; fileRef = 0725CFD020179F2B00701B89 /* SKProcessorInfo.h */; settings = {ATTRIBUTES = (Public, ); }; };
		0725CFD320179F2B00701B89 /* SKProcessorInfo.m in Sources */ = {isa = PBXBuildFile; fileRef = 0725CFD120179F2B00701B89 /* SKProcessorInfo.m */; };
		072CC9C420110B4A00C1A87E /* SKMemoryInfo.h in Headers */ = {isa = PBXBuildFile; fileRef = 072CC9C220110B4A00C1A87E /* SKMemoryInfo.h */; settings = {ATTRIBUTES = (Public, ); }; };
		072CC9C520110B4A00C1A87E /* SKMemoryInfo.m in Sources */ = {isa = PBXBuildFile; fileRef = 072CC9C320110B4A00C1A87E /* SKMemoryInfo.m */; };
		074DE95D205970B5001A0D4D /* sk_log.h in Headers */ = {isa = PBXBuildFile; fileRef = 074DE95B205970B5001A0D4D /* sk_log.h */; };
		074DE95E205970B5001A0D4D /* sk_log.c in Sources */ = {isa = PBXBuildFile; fileRef = 074DE95C205970B5001A0D4D /* sk_log.c */; };
		075D5BD1207AFC620045CDF6 /* SKLocationManager.h in Headers */ = {isa = PBXBuildFile; fileRef = 075D5BCF207AFC620045CDF6 /* SKLocationManager.h */; settings = {ATTRIBUTES = (Public, ); }; };
		075D5BD2207AFC620045CDF6 /* SKLocationManager.m in Sources */ = {isa = PBXBuildFile; fileRef = 075D5BD0207AFC620045CDF6 /* SKLocationManager.m */; };
		07771366203377A5009041F2 /* Foundation.framework in Frameworks */ = {isa = PBXBuildFile; fileRef = 07771365203377A5009041F2 /* Foundation.framework */; };
		07771368203377A9009041F2 /* CoreTelephony.framework in Frameworks */ = {isa = PBXBuildFile; fileRef = 07771367203377A9009041F2 /* CoreTelephony.framework */; };
		0777136A203377AD009041F2 /* CoreMotion.framework in Frameworks */ = {isa = PBXBuildFile; fileRef = 07771369203377AD009041F2 /* CoreMotion.framework */; };
		0777136C203377B1009041F2 /* CoreLocation.framework in Frameworks */ = {isa = PBXBuildFile; fileRef = 0777136B203377B1009041F2 /* CoreLocation.framework */; };
		0777136E203377D4009041F2 /* UIKit.framework in Frameworks */ = {isa = PBXBuildFile; fileRef = 0777136D203377D4009041F2 /* UIKit.framework */; };
		07A224D9200BD301000866C7 /* StatioKit.h in CopyFiles */ = {isa = PBXBuildFile; fileRef = 07A224D6200BD301000866C7 /* StatioKit.h */; };
		07A224E1200BD32E000866C7 /* SKDeviceInfo.m in Sources */ = {isa = PBXBuildFile; fileRef = 07A224E0200BD32E000866C7 /* SKDeviceInfo.m */; };
		07A224E4200BE207000866C7 /* SKDeviceInfo.h in Headers */ = {isa = PBXBuildFile; fileRef = 07A224DF200BD32E000866C7 /* SKDeviceInfo.h */; settings = {ATTRIBUTES = (Public, ); }; };
		07A224FA200BE3FC000866C7 /* ModelNames.plist in Resources */ = {isa = PBXBuildFile; fileRef = 07A224E2200BE18B000866C7 /* ModelNames.plist */; };
		07A224FD200BEBBA000866C7 /* NSBundle+StatioKit.h in Headers */ = {isa = PBXBuildFile; fileRef = 07A224FB200BEBBA000866C7 /* NSBundle+StatioKit.h */; };
		07A224FE200BEBBA000866C7 /* NSBundle+StatioKit.m in Sources */ = {isa = PBXBuildFile; fileRef = 07A224FC200BEBBA000866C7 /* NSBundle+StatioKit.m */; };
		07A2255E200C20A2000866C7 /* SKCarrierInfo.h in Headers */ = {isa = PBXBuildFile; fileRef = 07A2255C200C20A2000866C7 /* SKCarrierInfo.h */; settings = {ATTRIBUTES = (Public, ); }; };
		07A2255F200C20A2000866C7 /* SKCarrierInfo.m in Sources */ = {isa = PBXBuildFile; fileRef = 07A2255D200C20A2000866C7 /* SKCarrierInfo.m */; };
		07A2256A200C2E4F000866C7 /* SKNetworkInfo.h in Headers */ = {isa = PBXBuildFile; fileRef = 07A22568200C2E4F000866C7 /* SKNetworkInfo.h */; settings = {ATTRIBUTES = (Public, ); }; };
		07A2256B200C2E4F000866C7 /* SKNetworkInfo.m in Sources */ = {isa = PBXBuildFile; fileRef = 07A22569200C2E4F000866C7 /* SKNetworkInfo.m */; };
		07A22571200C453B000866C7 /* route.h in Headers */ = {isa = PBXBuildFile; fileRef = 07A22570200C453B000866C7 /* route.h */; };
		07E1B83A2023A9320077BB3A /* SKAccelerometerManager.h in Headers */ = {isa = PBXBuildFile; fileRef = 07E1B8382023A9320077BB3A /* SKAccelerometerManager.h */; settings = {ATTRIBUTES = (Public, ); }; };
		07E1B83B2023A9320077BB3A /* SKAccelerometerManager.m in Sources */ = {isa = PBXBuildFile; fileRef = 07E1B8392023A9320077BB3A /* SKAccelerometerManager.m */; };
		07E1B8432024B5A40077BB3A /* SKGyroscopeManager.h in Headers */ = {isa = PBXBuildFile; fileRef = 07E1B8412024B5A40077BB3A /* SKGyroscopeManager.h */; settings = {ATTRIBUTES = (Public, ); }; };
		07E1B8442024B5A40077BB3A /* SKGyroscopeManager.m in Sources */ = {isa = PBXBuildFile; fileRef = 07E1B8422024B5A40077BB3A /* SKGyroscopeManager.m */; };
		07E1B84720251A0D0077BB3A /* SKMagnometerManager.h in Headers */ = {isa = PBXBuildFile; fileRef = 07E1B84520251A0D0077BB3A /* SKMagnometerManager.h */; settings = {ATTRIBUTES = (Public, ); }; };
		07E1B84820251A0D0077BB3A /* SKMagnometerManager.m in Sources */ = {isa = PBXBuildFile; fileRef = 07E1B84620251A0D0077BB3A /* SKMagnometerManager.m */; };
		07E1B84B2025285C0077BB3A /* SKBatteryInfo.h in Headers */ = {isa = PBXBuildFile; fileRef = 07E1B8492025285C0077BB3A /* SKBatteryInfo.h */; settings = {ATTRIBUTES = (Public, ); }; };
		07E1B84C2025285C0077BB3A /* SKBatteryInfo.m in Sources */ = {isa = PBXBuildFile; fileRef = 07E1B84A2025285C0077BB3A /* SKBatteryInfo.m */; };
		07E1B86D20255D460077BB3A /* SKDiskInfo.h in Headers */ = {isa = PBXBuildFile; fileRef = 07E1B86B20255D460077BB3A /* SKDiskInfo.h */; settings = {ATTRIBUTES = (Public, ); }; };
		07E1B86E20255D460077BB3A /* SKDiskInfo.m in Sources */ = {isa = PBXBuildFile; fileRef = 07E1B86C20255D460077BB3A /* SKDiskInfo.m */; };
/* End PBXBuildFile section */

/* Begin PBXContainerItemProxy section */
		07A224EB200BE2CD000866C7 /* PBXContainerItemProxy */ = {
			isa = PBXContainerItemProxy;
			containerPortal = 07A224CB200BD301000866C7 /* Project object */;
			proxyType = 1;
			remoteGlobalIDString = 07A224D2200BD301000866C7;
			remoteInfo = StatioKit;
		};
		07A224F8200BE347000866C7 /* PBXContainerItemProxy */ = {
			isa = PBXContainerItemProxy;
			containerPortal = 07A224CB200BD301000866C7 /* Project object */;
			proxyType = 1;
			remoteGlobalIDString = 07A224F1200BE300000866C7;
			remoteInfo = StatioKitResources;
		};
/* End PBXContainerItemProxy section */

/* Begin PBXCopyFilesBuildPhase section */
		07A224D1200BD301000866C7 /* CopyFiles */ = {
			isa = PBXCopyFilesBuildPhase;
			buildActionMask = 2147483647;
			dstPath = "include/$(PRODUCT_NAME)";
			dstSubfolderSpec = 16;
			files = (
				07A224D9200BD301000866C7 /* StatioKit.h in CopyFiles */,
			);
			runOnlyForDeploymentPostprocessing = 0;
		};
/* End PBXCopyFilesBuildPhase section */

/* Begin PBXFileReference section */
		0719972A2045F6E6004719FA /* README.md */ = {isa = PBXFileReference; lastKnownFileType = net.daringfireball.markdown; path = README.md; sourceTree = "<group>"; };
		0720DB77204EF72F0027BDC3 /* CPUNames.plist */ = {isa = PBXFileReference; lastKnownFileType = text.plist.xml; path = CPUNames.plist; sourceTree = "<group>"; };
		0725CFD020179F2B00701B89 /* SKProcessorInfo.h */ = {isa = PBXFileReference; lastKnownFileType = sourcecode.c.h; path = SKProcessorInfo.h; sourceTree = "<group>"; };
		0725CFD120179F2B00701B89 /* SKProcessorInfo.m */ = {isa = PBXFileReference; lastKnownFileType = sourcecode.c.objc; path = SKProcessorInfo.m; sourceTree = "<group>"; };
		072CC9C220110B4A00C1A87E /* SKMemoryInfo.h */ = {isa = PBXFileReference; lastKnownFileType = sourcecode.c.h; path = SKMemoryInfo.h; sourceTree = "<group>"; };
		072CC9C320110B4A00C1A87E /* SKMemoryInfo.m */ = {isa = PBXFileReference; lastKnownFileType = sourcecode.c.objc; path = SKMemoryInfo.m; sourceTree = "<group>"; };
		074DE95B205970B5001A0D4D /* sk_log.h */ = {isa = PBXFileReference; lastKnownFileType = sourcecode.c.h; path = sk_log.h; sourceTree = "<group>"; };
		074DE95C205970B5001A0D4D /* sk_log.c */ = {isa = PBXFileReference; lastKnownFileType = sourcecode.c.c; path = sk_log.c; sourceTree = "<group>"; };
		075D5BCF207AFC620045CDF6 /* SKLocationManager.h */ = {isa = PBXFileReference; lastKnownFileType = sourcecode.c.h; path = SKLocationManager.h; sourceTree = "<group>"; };
		075D5BD0207AFC620045CDF6 /* SKLocationManager.m */ = {isa = PBXFileReference; lastKnownFileType = sourcecode.c.objc; path = SKLocationManager.m; sourceTree = "<group>"; };
		07771365203377A5009041F2 /* Foundation.framework */ = {isa = PBXFileReference; lastKnownFileType = wrapper.framework; name = Foundation.framework; path = System/Library/Frameworks/Foundation.framework; sourceTree = SDKROOT; };
		07771367203377A9009041F2 /* CoreTelephony.framework */ = {isa = PBXFileReference; lastKnownFileType = wrapper.framework; name = CoreTelephony.framework; path = System/Library/Frameworks/CoreTelephony.framework; sourceTree = SDKROOT; };
		07771369203377AD009041F2 /* CoreMotion.framework */ = {isa = PBXFileReference; lastKnownFileType = wrapper.framework; name = CoreMotion.framework; path = System/Library/Frameworks/CoreMotion.framework; sourceTree = SDKROOT; };
		0777136B203377B1009041F2 /* CoreLocation.framework */ = {isa = PBXFileReference; lastKnownFileType = wrapper.framework; name = CoreLocation.framework; path = System/Library/Frameworks/CoreLocation.framework; sourceTree = SDKROOT; };
		0777136D203377D4009041F2 /* UIKit.framework */ = {isa = PBXFileReference; lastKnownFileType = wrapper.framework; name = UIKit.framework; path = System/Library/Frameworks/UIKit.framework; sourceTree = SDKROOT; };
		07A224D3200BD301000866C7 /* libStatioKit.a */ = {isa = PBXFileReference; explicitFileType = archive.ar; includeInIndex = 0; path = libStatioKit.a; sourceTree = BUILT_PRODUCTS_DIR; };
		07A224D6200BD301000866C7 /* StatioKit.h */ = {isa = PBXFileReference; lastKnownFileType = sourcecode.c.h; path = StatioKit.h; sourceTree = "<group>"; };
		07A224DF200BD32E000866C7 /* SKDeviceInfo.h */ = {isa = PBXFileReference; lastKnownFileType = sourcecode.c.h; path = SKDeviceInfo.h; sourceTree = "<group>"; };
		07A224E0200BD32E000866C7 /* SKDeviceInfo.m */ = {isa = PBXFileReference; lastKnownFileType = sourcecode.c.objc; path = SKDeviceInfo.m; sourceTree = "<group>"; };
		07A224E2200BE18B000866C7 /* ModelNames.plist */ = {isa = PBXFileReference; lastKnownFileType = text.plist.xml; path = ModelNames.plist; sourceTree = "<group>"; };
		07A224E5200BE27D000866C7 /* module.modulemap */ = {isa = PBXFileReference; lastKnownFileType = "sourcecode.module-map"; path = module.modulemap; sourceTree = "<group>"; };
		07A224F2200BE300000866C7 /* StatioKit.bundle */ = {isa = PBXFileReference; explicitFileType = wrapper.cfbundle; includeInIndex = 0; path = StatioKit.bundle; sourceTree = BUILT_PRODUCTS_DIR; };
		07A224F4200BE300000866C7 /* Info.plist */ = {isa = PBXFileReference; lastKnownFileType = text.plist.xml; path = Info.plist; sourceTree = "<group>"; };
		07A224FB200BEBBA000866C7 /* NSBundle+StatioKit.h */ = {isa = PBXFileReference; lastKnownFileType = sourcecode.c.h; path = "NSBundle+StatioKit.h"; sourceTree = "<group>"; };
		07A224FC200BEBBA000866C7 /* NSBundle+StatioKit.m */ = {isa = PBXFileReference; lastKnownFileType = sourcecode.c.objc; path = "NSBundle+StatioKit.m"; sourceTree = "<group>"; };
		07A2255C200C20A2000866C7 /* SKCarrierInfo.h */ = {isa = PBXFileReference; lastKnownFileType = sourcecode.c.h; path = SKCarrierInfo.h; sourceTree = "<group>"; };
		07A2255D200C20A2000866C7 /* SKCarrierInfo.m */ = {isa = PBXFileReference; lastKnownFileType = sourcecode.c.objc; path = SKCarrierInfo.m; sourceTree = "<group>"; };
		07A22568200C2E4F000866C7 /* SKNetworkInfo.h */ = {isa = PBXFileReference; lastKnownFileType = sourcecode.c.h; path = SKNetworkInfo.h; sourceTree = "<group>"; };
		07A22569200C2E4F000866C7 /* SKNetworkInfo.m */ = {isa = PBXFileReference; lastKnownFileType = sourcecode.c.objc; path = SKNetworkInfo.m; sourceTree = "<group>"; };
		07A22570200C453B000866C7 /* route.h */ = {isa = PBXFileReference; fileEncoding = 4; lastKnownFileType = sourcecode.c.h; path = route.h; sourceTree = "<group>"; };
		07E1B8382023A9320077BB3A /* SKAccelerometerManager.h */ = {isa = PBXFileReference; lastKnownFileType = sourcecode.c.h; path = SKAccelerometerManager.h; sourceTree = "<group>"; };
		07E1B8392023A9320077BB3A /* SKAccelerometerManager.m */ = {isa = PBXFileReference; lastKnownFileType = sourcecode.c.objc; path = SKAccelerometerManager.m; sourceTree = "<group>"; };
		07E1B8412024B5A40077BB3A /* SKGyroscopeManager.h */ = {isa = PBXFileReference; lastKnownFileType = sourcecode.c.h; path = SKGyroscopeManager.h; sourceTree = "<group>"; };
		07E1B8422024B5A40077BB3A /* SKGyroscopeManager.m */ = {isa = PBXFileReference; lastKnownFileType = sourcecode.c.objc; path = SKGyroscopeManager.m; sourceTree = "<group>"; };
		07E1B84520251A0D0077BB3A /* SKMagnometerManager.h */ = {isa = PBXFileReference; lastKnownFileType = sourcecode.c.h; path = SKMagnometerManager.h; sourceTree = "<group>"; };
		07E1B84620251A0D0077BB3A /* SKMagnometerManager.m */ = {isa = PBXFileReference; lastKnownFileType = sourcecode.c.objc; path = SKMagnometerManager.m; sourceTree = "<group>"; };
		07E1B8492025285C0077BB3A /* SKBatteryInfo.h */ = {isa = PBXFileReference; lastKnownFileType = sourcecode.c.h; path = SKBatteryInfo.h; sourceTree = "<group>"; };
		07E1B84A2025285C0077BB3A /* SKBatteryInfo.m */ = {isa = PBXFileReference; lastKnownFileType = sourcecode.c.objc; path = SKBatteryInfo.m; sourceTree = "<group>"; };
		07E1B86B20255D460077BB3A /* SKDiskInfo.h */ = {isa = PBXFileReference; lastKnownFileType = sourcecode.c.h; path = SKDiskInfo.h; sourceTree = "<group>"; };
		07E1B86C20255D460077BB3A /* SKDiskInfo.m */ = {isa = PBXFileReference; lastKnownFileType = sourcecode.c.objc; path = SKDiskInfo.m; sourceTree = "<group>"; };
/* End PBXFileReference section */

/* Begin PBXFrameworksBuildPhase section */
		07A224D0200BD301000866C7 /* Frameworks */ = {
			isa = PBXFrameworksBuildPhase;
			buildActionMask = 2147483647;
			files = (
				0777136C203377B1009041F2 /* CoreLocation.framework in Frameworks */,
				0777136E203377D4009041F2 /* UIKit.framework in Frameworks */,
				0777136A203377AD009041F2 /* CoreMotion.framework in Frameworks */,
				07771368203377A9009041F2 /* CoreTelephony.framework in Frameworks */,
				07771366203377A5009041F2 /* Foundation.framework in Frameworks */,
			);
			runOnlyForDeploymentPostprocessing = 0;
		};
		07A224EF200BE300000866C7 /* Frameworks */ = {
			isa = PBXFrameworksBuildPhase;
			buildActionMask = 2147483647;
			files = (
			);
			runOnlyForDeploymentPostprocessing = 0;
		};
/* End PBXFrameworksBuildPhase section */

/* Begin PBXGroup section */
		075B25D0205AD7E30076B5B7 /* Other */ = {
			isa = PBXGroup;
			children = (
				07A22570200C453B000866C7 /* route.h */,
				074DE95B205970B5001A0D4D /* sk_log.h */,
				074DE95C205970B5001A0D4D /* sk_log.c */,
			);
			name = Other;
			sourceTree = "<group>";
		};
		07771364203377A5009041F2 /* Frameworks */ = {
			isa = PBXGroup;
			children = (
				0777136D203377D4009041F2 /* UIKit.framework */,
				0777136B203377B1009041F2 /* CoreLocation.framework */,
				07771369203377AD009041F2 /* CoreMotion.framework */,
				07771367203377A9009041F2 /* CoreTelephony.framework */,
				07771365203377A5009041F2 /* Foundation.framework */,
			);
			name = Frameworks;
			sourceTree = "<group>";
		};
		07A224CA200BD301000866C7 = {
			isa = PBXGroup;
			children = (
				0719972A2045F6E6004719FA /* README.md */,
				07A224D5200BD301000866C7 /* StatioKit */,
				07A224F3200BE300000866C7 /* StatioKitResources */,
				07A224D4200BD301000866C7 /* Products */,
				07771364203377A5009041F2 /* Frameworks */,
			);
			sourceTree = "<group>";
		};
		07A224D4200BD301000866C7 /* Products */ = {
			isa = PBXGroup;
			children = (
				07A224D3200BD301000866C7 /* libStatioKit.a */,
				07A224F2200BE300000866C7 /* StatioKit.bundle */,
			);
			name = Products;
			sourceTree = "<group>";
		};
		07A224D5200BD301000866C7 /* StatioKit */ = {
			isa = PBXGroup;
			children = (
				07A224E5200BE27D000866C7 /* module.modulemap */,
				07E1B88C2026593F0077BB3A /* Src */,
			);
			path = StatioKit;
			sourceTree = "<group>";
		};
		07A224F3200BE300000866C7 /* StatioKitResources */ = {
			isa = PBXGroup;
			children = (
				07A224F4200BE300000866C7 /* Info.plist */,
				07A224E2200BE18B000866C7 /* ModelNames.plist */,
				0720DB77204EF72F0027BDC3 /* CPUNames.plist */,
			);
			path = StatioKitResources;
			sourceTree = "<group>";
		};
		07E1B88C2026593F0077BB3A /* Src */ = {
			isa = PBXGroup;
			children = (
				07A224D6200BD301000866C7 /* StatioKit.h */,
				075B25D0205AD7E30076B5B7 /* Other */,
				07E1B88E202659620077BB3A /* Categories */,
				07E1B88D202659450077BB3A /* Classes */,
			);
			name = Src;
			sourceTree = "<group>";
		};
		07E1B88D202659450077BB3A /* Classes */ = {
			isa = PBXGroup;
			children = (
				07A224DF200BD32E000866C7 /* SKDeviceInfo.h */,
				07A224E0200BD32E000866C7 /* SKDeviceInfo.m */,
				07A2255C200C20A2000866C7 /* SKCarrierInfo.h */,
				07A2255D200C20A2000866C7 /* SKCarrierInfo.m */,
				07A22568200C2E4F000866C7 /* SKNetworkInfo.h */,
				07A22569200C2E4F000866C7 /* SKNetworkInfo.m */,
				072CC9C220110B4A00C1A87E /* SKMemoryInfo.h */,
				072CC9C320110B4A00C1A87E /* SKMemoryInfo.m */,
				0725CFD020179F2B00701B89 /* SKProcessorInfo.h */,
				0725CFD120179F2B00701B89 /* SKProcessorInfo.m */,
				07E1B8492025285C0077BB3A /* SKBatteryInfo.h */,
				07E1B84A2025285C0077BB3A /* SKBatteryInfo.m */,
				07E1B86B20255D460077BB3A /* SKDiskInfo.h */,
				07E1B86C20255D460077BB3A /* SKDiskInfo.m */,
				07E1B8382023A9320077BB3A /* SKAccelerometerManager.h */,
				07E1B8392023A9320077BB3A /* SKAccelerometerManager.m */,
				07E1B8412024B5A40077BB3A /* SKGyroscopeManager.h */,
				07E1B8422024B5A40077BB3A /* SKGyroscopeManager.m */,
				07E1B84520251A0D0077BB3A /* SKMagnometerManager.h */,
				07E1B84620251A0D0077BB3A /* SKMagnometerManager.m */,
				075D5BCF207AFC620045CDF6 /* SKLocationManager.h */,
				075D5BD0207AFC620045CDF6 /* SKLocationManager.m */,
			);
			name = Classes;
			sourceTree = "<group>";
		};
		07E1B88E202659620077BB3A /* Categories */ = {
			isa = PBXGroup;
			children = (
				07A224FB200BEBBA000866C7 /* NSBundle+StatioKit.h */,
				07A224FC200BEBBA000866C7 /* NSBundle+StatioKit.m */,
			);
			name = Categories;
			sourceTree = "<group>";
		};
/* End PBXGroup section */

/* Begin PBXHeadersBuildPhase section */
		07A224E3200BE1FE000866C7 /* Headers */ = {
			isa = PBXHeadersBuildPhase;
			buildActionMask = 2147483647;
			files = (
				07A2256A200C2E4F000866C7 /* SKNetworkInfo.h in Headers */,
				07A22571200C453B000866C7 /* route.h in Headers */,
				07E1B8432024B5A40077BB3A /* SKGyroscopeManager.h in Headers */,
				072CC9C420110B4A00C1A87E /* SKMemoryInfo.h in Headers */,
				07E1B84B2025285C0077BB3A /* SKBatteryInfo.h in Headers */,
				07E1B86D20255D460077BB3A /* SKDiskInfo.h in Headers */,
				07E1B83A2023A9320077BB3A /* SKAccelerometerManager.h in Headers */,
				0725CFD220179F2B00701B89 /* SKProcessorInfo.h in Headers */,
				07E1B84720251A0D0077BB3A /* SKMagnometerManager.h in Headers */,
				075D5BD1207AFC620045CDF6 /* SKLocationManager.h in Headers */,
				074DE95D205970B5001A0D4D /* sk_log.h in Headers */,
				07A2255E200C20A2000866C7 /* SKCarrierInfo.h in Headers */,
				07A224E4200BE207000866C7 /* SKDeviceInfo.h in Headers */,
				07A224FD200BEBBA000866C7 /* NSBundle+StatioKit.h in Headers */,
			);
			runOnlyForDeploymentPostprocessing = 0;
		};
/* End PBXHeadersBuildPhase section */

/* Begin PBXNativeTarget section */
		07A224D2200BD301000866C7 /* StatioKit */ = {
			isa = PBXNativeTarget;
			buildConfigurationList = 07A224DC200BD301000866C7 /* Build configuration list for PBXNativeTarget "StatioKit" */;
			buildPhases = (
				07A224CF200BD301000866C7 /* Sources */,
				07A224D0200BD301000866C7 /* Frameworks */,
				07A224D1200BD301000866C7 /* CopyFiles */,
				07A224E3200BE1FE000866C7 /* Headers */,
				07A224E6200BE295000866C7 /* Build Framework */,
			);
			buildRules = (
			);
			dependencies = (
			);
			name = StatioKit;
			productName = StatioKit;
			productReference = 07A224D3200BD301000866C7 /* libStatioKit.a */;
			productType = "com.apple.product-type.library.static";
		};
		07A224F1200BE300000866C7 /* StatioKitResources */ = {
			isa = PBXNativeTarget;
			buildConfigurationList = 07A224F5200BE300000866C7 /* Build configuration list for PBXNativeTarget "StatioKitResources" */;
			buildPhases = (
				07A224EE200BE300000866C7 /* Sources */,
				07A224EF200BE300000866C7 /* Frameworks */,
				07A224F0200BE300000866C7 /* Resources */,
			);
			buildRules = (
			);
			dependencies = (
			);
			name = StatioKitResources;
			productName = StatioKitResources;
			productReference = 07A224F2200BE300000866C7 /* StatioKit.bundle */;
			productType = "com.apple.product-type.bundle";
		};
/* End PBXNativeTarget section */

/* Begin PBXProject section */
		07A224CB200BD301000866C7 /* Project object */ = {
			isa = PBXProject;
			attributes = {
				LastUpgradeCheck = 0920;
				ORGANIZATIONNAME = "Varun Santhanam";
				TargetAttributes = {
					071997252045EE3D004719FA = {
						CreatedOnToolsVersion = 9.2;
						ProvisioningStyle = Automatic;
					};
					07A224D2200BD301000866C7 = {
						CreatedOnToolsVersion = 9.2;
						ProvisioningStyle = Automatic;
					};
					07A224E7200BE2C6000866C7 = {
						CreatedOnToolsVersion = 9.2;
						ProvisioningStyle = Automatic;
					};
					07A224F1200BE300000866C7 = {
						CreatedOnToolsVersion = 9.2;
						ProvisioningStyle = Automatic;
					};
				};
			};
			buildConfigurationList = 07A224CE200BD301000866C7 /* Build configuration list for PBXProject "StatioKit" */;
			compatibilityVersion = "Xcode 8.0";
			developmentRegion = en;
			hasScannedForEncodings = 0;
			knownRegions = (
				en,
			);
			mainGroup = 07A224CA200BD301000866C7;
			productRefGroup = 07A224D4200BD301000866C7 /* Products */;
			projectDirPath = "";
			projectRoot = "";
			targets = (
				07A224D2200BD301000866C7 /* StatioKit */,
				07A224F1200BE300000866C7 /* StatioKitResources */,
				07A224E7200BE2C6000866C7 /* Framework */,
				071997252045EE3D004719FA /* Documentation */,
			);
		};
/* End PBXProject section */

/* Begin PBXResourcesBuildPhase section */
		07A224F0200BE300000866C7 /* Resources */ = {
			isa = PBXResourcesBuildPhase;
			buildActionMask = 2147483647;
			files = (
				0720DB78204EF72F0027BDC3 /* CPUNames.plist in Resources */,
				07A224FA200BE3FC000866C7 /* ModelNames.plist in Resources */,
			);
			runOnlyForDeploymentPostprocessing = 0;
		};
/* End PBXResourcesBuildPhase section */

/* Begin PBXShellScriptBuildPhase section */
		071997292045EE42004719FA /* Build Documentation w/ Jazzy */ = {
			isa = PBXShellScriptBuildPhase;
			buildActionMask = 2147483647;
			files = (
			);
			inputPaths = (
			);
			name = "Build Documentation w/ Jazzy";
			outputPaths = (
			);
			runOnlyForDeploymentPostprocessing = 0;
			shellPath = /bin/sh;
			shellScript = "jazzy --objc --clean --author Varun Santhanam --author_url https://www.vsanthanam.com --github_url https://github.com/vsanthanam/StatioKit --umbrella-header StatioKit/StatioKit.h --framework-root . --module StatioKit --sdk iphonesimulator --hide-declarations swift --output \"${PROJECT_DIR}/Documentation\"";
		};
		07A224E6200BE295000866C7 /* Build Framework */ = {
			isa = PBXShellScriptBuildPhase;
			buildActionMask = 2147483647;
			files = (
			);
			inputPaths = (
			);
			name = "Build Framework";
			outputPaths = (
			);
			runOnlyForDeploymentPostprocessing = 0;
			shellPath = /bin/sh;
			shellScript = "set -e\nexport FRAMEWORK_LOCN=\"${BUILT_PRODUCTS_DIR}/${PRODUCT_NAME}.framework\"\n\n# Create Directory for Actual Headers Location for Version A\nmkdir -p \"${FRAMEWORK_LOCN}/Versions/A/Headers\"\n\n# Symbolically Link the Headers to their Parse Directory\nln -sfh A \"${FRAMEWORK_LOCN}/Versions/Current\"\nln -sfh Versions/Current/Headers \"${FRAMEWORK_LOCN}/Headers\"\nln -sfh \"Versions/Current/${PRODUCT_NAME}\" \\\n\"${FRAMEWORK_LOCN}/${PRODUCT_NAME}\"\n\n# Copy Public Headers Into Their Directory\ncp -a \"${TARGET_BUILD_DIR}/${PUBLIC_HEADERS_FOLDER_PATH}/\" \\\n\"${FRAMEWORK_LOCN}/Versions/A/Headers\"\n\n# Create Module Directory\nmkdir -p \"${FRAMEWORK_LOCN}/Modules\"\n\n# Copy Module Map\ncp -f \"${SRCROOT}/${PRODUCT_NAME}/module.modulemap\" \"${FRAMEWORK_LOCN}/Modules/\"";
		};
		07A224ED200BE2D1000866C7 /* Multi-Platform Bind */ = {
			isa = PBXShellScriptBuildPhase;
			buildActionMask = 2147483647;
			files = (
			);
			inputPaths = (
			);
			name = "Multi-Platform Bind";
			outputPaths = (
			);
			runOnlyForDeploymentPostprocessing = 0;
			shellPath = /bin/sh;
			shellScript = "set +u\n\nif [[ $SCRIPT_RUNNING ]]\nthen\nexit 0\nfi\nset -u\nexport SCRIPT_RUNNING=1\n\n# Environment Variables\nFRAMEWORK_NAME=${PROJECT_NAME}\nSTATIC_LIB=\"lib${PROJECT_NAME}.a\" # Product of other target\nFRAMEWORK_LOCATION=\"${BUILT_PRODUCTS_DIR}/${FRAMEWORK_NAME}.framework\" # Product of script in other target build phase\nOUTPUT_DIR=${PROJECT_DIR}/Release\n\n# Encapsulate Xcode Build Process\nfunction build_static_library_and_framework {\n    \n    xcrun xcodebuild -project \"${PROJECT_FILE_PATH}\" \\\n    -target \"${PROJECT_NAME}\" \\\n    -configuration \"${CONFIGURATION}\" \\\n    -sdk \"${1}\" \\\n    ONLY_ACTIVE_ARCH=NO \\\n    BUILD_DIR=\"${BUILD_DIR}\" \\\n    OBJROOT=\"${OBJROOT}\" \\\n    BUILD_ROOT=\"${BUILD_ROOT}\" \\\n    SYMROOT=\"${SYMROOT}\" $ACTION\n    \n}\n\n# Encapsulate Lipo\nfunction merge_binaries {\n    \n    xcrun lipo -create \"${1}\" \"${2}\" -output \"${3}\"\n    \n}\n\n# 1 - Get SDK to determine platform (iphoneos or iphonesimulator)\nif [[ \"$SDK_NAME\" =~ ([A-Za-z]+) ]]; then\nSDK_PLATFORM=${BASH_REMATCH[1]}\nelse\necho \"Could not find platform name from SDK_NAME: $SDK_NAME\"\nexit 1\nfi\n\n# 2 - Get Opposite Platform (iphonesimulator --> iphoneos, iphoneos --> iphonesimulator)\nif [ \"$SDK_PLATFORM\" == \"iphoneos\" ]; then\nOTHER_PLATFORM=iphonesimulator\nelse\nOTHER_PLATFORM=iphoneos\nfi\n\n# 3 - Get the build directories\nCURRENT_DIR=${BUILD_DIR}/${CONFIGURATION}-${SDK_PLATFORM}\nOTHER_DIR=${BUILD_DIR}/${CONFIGURATION}-${OTHER_PLATFORM}\n\n# 4 - Build Opposite Platform\nbuild_static_library_and_framework \"${OTHER_PLATFORM}\"\n\n# 5 - Copy Framework Structure\nrm -rf \"${OUTPUT_DIR}\"\nmkdir -p \"${OUTPUT_DIR}\"\ncp -R \"${BUILD_DIR}/${CONFIGURATION}-${SDK_PLATFORM}/${PROJECT_NAME}.framework\" \"${OUTPUT_DIR}/${PROJECT_NAME}.framework\"\n\n# 6 - Merge Into /Release\nmerge_binaries \"${CURRENT_DIR}/${STATIC_LIB}\" \"${OTHER_DIR}/${STATIC_LIB}\" \"${OUTPUT_DIR}/${PROJECT_NAME}.framework/${PROJECT_NAME}\"\n\ncp -R \"${BUILD_DIR}/${CONFIGURATION}-${SDK_PLATFORM}/${PROJECT_NAME}.bundle\" \"${OUTPUT_DIR}/${PROJECT_NAME}.bundle\"";
		};
/* End PBXShellScriptBuildPhase section */

/* Begin PBXSourcesBuildPhase section */
		07A224CF200BD301000866C7 /* Sources */ = {
			isa = PBXSourcesBuildPhase;
			buildActionMask = 2147483647;
			files = (
				07E1B86E20255D460077BB3A /* SKDiskInfo.m in Sources */,
				07A2255F200C20A2000866C7 /* SKCarrierInfo.m in Sources */,
				072CC9C520110B4A00C1A87E /* SKMemoryInfo.m in Sources */,
				0725CFD320179F2B00701B89 /* SKProcessorInfo.m in Sources */,
				074DE95E205970B5001A0D4D /* sk_log.c in Sources */,
				07E1B84C2025285C0077BB3A /* SKBatteryInfo.m in Sources */,
				075D5BD2207AFC620045CDF6 /* SKLocationManager.m in Sources */,
				07A224E1200BD32E000866C7 /* SKDeviceInfo.m in Sources */,
				07A2256B200C2E4F000866C7 /* SKNetworkInfo.m in Sources */,
				07A224FE200BEBBA000866C7 /* NSBundle+StatioKit.m in Sources */,
				07E1B84820251A0D0077BB3A /* SKMagnometerManager.m in Sources */,
				07E1B8442024B5A40077BB3A /* SKGyroscopeManager.m in Sources */,
				07E1B83B2023A9320077BB3A /* SKAccelerometerManager.m in Sources */,
			);
			runOnlyForDeploymentPostprocessing = 0;
		};
		07A224EE200BE300000866C7 /* Sources */ = {
			isa = PBXSourcesBuildPhase;
			buildActionMask = 2147483647;
			files = (
			);
			runOnlyForDeploymentPostprocessing = 0;
		};
/* End PBXSourcesBuildPhase section */

/* Begin PBXTargetDependency section */
		07A224EC200BE2CD000866C7 /* PBXTargetDependency */ = {
			isa = PBXTargetDependency;
			target = 07A224D2200BD301000866C7 /* StatioKit */;
			targetProxy = 07A224EB200BE2CD000866C7 /* PBXContainerItemProxy */;
		};
		07A224F9200BE347000866C7 /* PBXTargetDependency */ = {
			isa = PBXTargetDependency;
			target = 07A224F1200BE300000866C7 /* StatioKitResources */;
			targetProxy = 07A224F8200BE347000866C7 /* PBXContainerItemProxy */;
		};
/* End PBXTargetDependency section */

/* Begin XCBuildConfiguration section */
		071997262045EE3D004719FA /* Debug */ = {
			isa = XCBuildConfiguration;
			buildSettings = {
				CODE_SIGN_STYLE = Automatic;
				DEVELOPMENT_TEAM = Y88YPD4RJA;
				PRODUCT_NAME = "$(TARGET_NAME)";
			};
			name = Debug;
		};
		071997272045EE3D004719FA /* Release */ = {
			isa = XCBuildConfiguration;
			buildSettings = {
				CODE_SIGN_STYLE = Automatic;
				DEVELOPMENT_TEAM = Y88YPD4RJA;
				PRODUCT_NAME = "$(TARGET_NAME)";
			};
			name = Release;
		};
		07A224DA200BD301000866C7 /* Debug */ = {
			isa = XCBuildConfiguration;
			buildSettings = {
				ALWAYS_SEARCH_USER_PATHS = NO;
				CLANG_ANALYZER_NONNULL = YES;
				CLANG_ANALYZER_NUMBER_OBJECT_CONVERSION = YES_AGGRESSIVE;
				CLANG_CXX_LANGUAGE_STANDARD = "gnu++14";
				CLANG_CXX_LIBRARY = "libc++";
				CLANG_ENABLE_MODULES = YES;
				CLANG_ENABLE_OBJC_ARC = YES;
				CLANG_WARN_BLOCK_CAPTURE_AUTORELEASING = YES;
				CLANG_WARN_BOOL_CONVERSION = YES;
				CLANG_WARN_COMMA = YES;
				CLANG_WARN_CONSTANT_CONVERSION = YES;
				CLANG_WARN_DIRECT_OBJC_ISA_USAGE = YES_ERROR;
				CLANG_WARN_DOCUMENTATION_COMMENTS = YES;
				CLANG_WARN_EMPTY_BODY = YES;
				CLANG_WARN_ENUM_CONVERSION = YES;
				CLANG_WARN_INFINITE_RECURSION = YES;
				CLANG_WARN_INT_CONVERSION = YES;
				CLANG_WARN_NON_LITERAL_NULL_CONVERSION = YES;
				CLANG_WARN_OBJC_LITERAL_CONVERSION = YES;
				CLANG_WARN_OBJC_ROOT_CLASS = YES_ERROR;
				CLANG_WARN_RANGE_LOOP_ANALYSIS = YES;
				CLANG_WARN_STRICT_PROTOTYPES = YES;
				CLANG_WARN_SUSPICIOUS_MOVE = YES;
				CLANG_WARN_UNGUARDED_AVAILABILITY = YES_AGGRESSIVE;
				CLANG_WARN_UNREACHABLE_CODE = YES;
				CLANG_WARN__DUPLICATE_METHOD_MATCH = YES;
				CODE_SIGN_IDENTITY = "iPhone Developer";
				COPY_PHASE_STRIP = NO;
				DEBUG_INFORMATION_FORMAT = dwarf;
				ENABLE_STRICT_OBJC_MSGSEND = YES;
				ENABLE_TESTABILITY = YES;
				GCC_C_LANGUAGE_STANDARD = gnu11;
				GCC_DYNAMIC_NO_PIC = NO;
				GCC_NO_COMMON_BLOCKS = YES;
				GCC_OPTIMIZATION_LEVEL = 0;
				GCC_PREPROCESSOR_DEFINITIONS = (
					"DEBUG=1",
					"$(inherited)",
				);
				GCC_WARN_64_TO_32_BIT_CONVERSION = YES;
				GCC_WARN_ABOUT_RETURN_TYPE = YES_ERROR;
				GCC_WARN_UNDECLARED_SELECTOR = YES;
				GCC_WARN_UNINITIALIZED_AUTOS = YES_AGGRESSIVE;
				GCC_WARN_UNUSED_FUNCTION = YES;
				GCC_WARN_UNUSED_VARIABLE = YES;
				IPHONEOS_DEPLOYMENT_TARGET = 11.2;
				MTL_ENABLE_DEBUG_INFO = YES;
				ONLY_ACTIVE_ARCH = YES;
				SDKROOT = iphoneos;
			};
			name = Debug;
		};
		07A224DB200BD301000866C7 /* Release */ = {
			isa = XCBuildConfiguration;
			buildSettings = {
				ALWAYS_SEARCH_USER_PATHS = NO;
				CLANG_ANALYZER_NONNULL = YES;
				CLANG_ANALYZER_NUMBER_OBJECT_CONVERSION = YES_AGGRESSIVE;
				CLANG_CXX_LANGUAGE_STANDARD = "gnu++14";
				CLANG_CXX_LIBRARY = "libc++";
				CLANG_ENABLE_MODULES = YES;
				CLANG_ENABLE_OBJC_ARC = YES;
				CLANG_WARN_BLOCK_CAPTURE_AUTORELEASING = YES;
				CLANG_WARN_BOOL_CONVERSION = YES;
				CLANG_WARN_COMMA = YES;
				CLANG_WARN_CONSTANT_CONVERSION = YES;
				CLANG_WARN_DIRECT_OBJC_ISA_USAGE = YES_ERROR;
				CLANG_WARN_DOCUMENTATION_COMMENTS = YES;
				CLANG_WARN_EMPTY_BODY = YES;
				CLANG_WARN_ENUM_CONVERSION = YES;
				CLANG_WARN_INFINITE_RECURSION = YES;
				CLANG_WARN_INT_CONVERSION = YES;
				CLANG_WARN_NON_LITERAL_NULL_CONVERSION = YES;
				CLANG_WARN_OBJC_LITERAL_CONVERSION = YES;
				CLANG_WARN_OBJC_ROOT_CLASS = YES_ERROR;
				CLANG_WARN_RANGE_LOOP_ANALYSIS = YES;
				CLANG_WARN_STRICT_PROTOTYPES = YES;
				CLANG_WARN_SUSPICIOUS_MOVE = YES;
				CLANG_WARN_UNGUARDED_AVAILABILITY = YES_AGGRESSIVE;
				CLANG_WARN_UNREACHABLE_CODE = YES;
				CLANG_WARN__DUPLICATE_METHOD_MATCH = YES;
				CODE_SIGN_IDENTITY = "iPhone Developer";
				COPY_PHASE_STRIP = NO;
				DEBUG_INFORMATION_FORMAT = "dwarf-with-dsym";
				ENABLE_NS_ASSERTIONS = NO;
				ENABLE_STRICT_OBJC_MSGSEND = YES;
				GCC_C_LANGUAGE_STANDARD = gnu11;
				GCC_NO_COMMON_BLOCKS = YES;
				GCC_WARN_64_TO_32_BIT_CONVERSION = YES;
				GCC_WARN_ABOUT_RETURN_TYPE = YES_ERROR;
				GCC_WARN_UNDECLARED_SELECTOR = YES;
				GCC_WARN_UNINITIALIZED_AUTOS = YES_AGGRESSIVE;
				GCC_WARN_UNUSED_FUNCTION = YES;
				GCC_WARN_UNUSED_VARIABLE = YES;
				IPHONEOS_DEPLOYMENT_TARGET = 11.2;
				MTL_ENABLE_DEBUG_INFO = NO;
				SDKROOT = iphoneos;
				VALIDATE_PRODUCT = YES;
			};
			name = Release;
		};
		07A224DD200BD301000866C7 /* Debug */ = {
			isa = XCBuildConfiguration;
			buildSettings = {
				CODE_SIGN_STYLE = Automatic;
				DEAD_CODE_STRIPPING = NO;
				DEVELOPMENT_TEAM = Y88YPD4RJA;
				IPHONEOS_DEPLOYMENT_TARGET = 11.0;
				OTHER_CFLAGS = "-fembed-bitcode";
				OTHER_LDFLAGS = "-ObjC";
				PRODUCT_NAME = "$(TARGET_NAME)";
				PUBLIC_HEADERS_FOLDER_PATH = "include/$(PROJECT_NAME)";
				SKIP_INSTALL = YES;
				STRIP_STYLE = "non-global";
				TARGETED_DEVICE_FAMILY = "1,2";
			};
			name = Debug;
		};
		07A224DE200BD301000866C7 /* Release */ = {
			isa = XCBuildConfiguration;
			buildSettings = {
				CODE_SIGN_STYLE = Automatic;
				DEAD_CODE_STRIPPING = NO;
				DEVELOPMENT_TEAM = Y88YPD4RJA;
				IPHONEOS_DEPLOYMENT_TARGET = 11.0;
				OTHER_CFLAGS = "-fembed-bitcode";
				OTHER_LDFLAGS = "-ObjC";
				PRODUCT_NAME = "$(TARGET_NAME)";
				PUBLIC_HEADERS_FOLDER_PATH = "include/$(PROJECT_NAME)";
				SKIP_INSTALL = YES;
				STRIP_STYLE = "non-global";
				TARGETED_DEVICE_FAMILY = "1,2";
			};
			name = Release;
		};
		07A224E9200BE2C6000866C7 /* Debug */ = {
			isa = XCBuildConfiguration;
			buildSettings = {
				CODE_SIGN_STYLE = Automatic;
				DEVELOPMENT_TEAM = Y88YPD4RJA;
				PRODUCT_NAME = "$(TARGET_NAME)";
			};
			name = Debug;
		};
		07A224EA200BE2C6000866C7 /* Release */ = {
			isa = XCBuildConfiguration;
			buildSettings = {
				CODE_SIGN_STYLE = Automatic;
				DEVELOPMENT_TEAM = Y88YPD4RJA;
				PRODUCT_NAME = "$(TARGET_NAME)";
			};
			name = Release;
		};
		07A224F6200BE300000866C7 /* Debug */ = {
			isa = XCBuildConfiguration;
			buildSettings = {
				CODE_SIGN_IDENTITY = "Mac Developer";
				CODE_SIGN_STYLE = Automatic;
				COMBINE_HIDPI_IMAGES = NO;
				DEVELOPMENT_TEAM = Y88YPD4RJA;
				INFOPLIST_FILE = StatioKitResources/Info.plist;
				INSTALL_PATH = "$(LOCAL_LIBRARY_DIR)/Bundles";
				MACOSX_DEPLOYMENT_TARGET = 10.13;
				PRODUCT_BUNDLE_IDENTIFIER = com.varunsanthanam.StatioKitResources;
				PRODUCT_NAME = StatioKit;
				SKIP_INSTALL = YES;
				WRAPPER_EXTENSION = bundle;
			};
			name = Debug;
		};
		07A224F7200BE300000866C7 /* Release */ = {
			isa = XCBuildConfiguration;
			buildSettings = {
				CODE_SIGN_IDENTITY = "Mac Developer";
				CODE_SIGN_STYLE = Automatic;
				COMBINE_HIDPI_IMAGES = NO;
				DEVELOPMENT_TEAM = Y88YPD4RJA;
				INFOPLIST_FILE = StatioKitResources/Info.plist;
				INSTALL_PATH = "$(LOCAL_LIBRARY_DIR)/Bundles";
				MACOSX_DEPLOYMENT_TARGET = 10.13;
				PRODUCT_BUNDLE_IDENTIFIER = com.varunsanthanam.StatioKitResources;
				PRODUCT_NAME = StatioKit;
				SKIP_INSTALL = YES;
				WRAPPER_EXTENSION = bundle;
			};
			name = Release;
		};
/* End XCBuildConfiguration section */

/* Begin XCConfigurationList section */
		071997282045EE3D004719FA /* Build configuration list for PBXAggregateTarget "Documentation" */ = {
			isa = XCConfigurationList;
			buildConfigurations = (
				071997262045EE3D004719FA /* Debug */,
				071997272045EE3D004719FA /* Release */,
			);
			defaultConfigurationIsVisible = 0;
			defaultConfigurationName = Release;
		};
		07A224CE200BD301000866C7 /* Build configuration list for PBXProject "StatioKit" */ = {
			isa = XCConfigurationList;
			buildConfigurations = (
				07A224DA200BD301000866C7 /* Debug */,
				07A224DB200BD301000866C7 /* Release */,
			);
			defaultConfigurationIsVisible = 0;
			defaultConfigurationName = Release;
		};
		07A224DC200BD301000866C7 /* Build configuration list for PBXNativeTarget "StatioKit" */ = {
			isa = XCConfigurationList;
			buildConfigurations = (
				07A224DD200BD301000866C7 /* Debug */,
				07A224DE200BD301000866C7 /* Release */,
			);
			defaultConfigurationIsVisible = 0;
			defaultConfigurationName = Release;
		};
		07A224E8200BE2C6000866C7 /* Build configuration list for PBXAggregateTarget "Framework" */ = {
			isa = XCConfigurationList;
			buildConfigurations = (
				07A224E9200BE2C6000866C7 /* Debug */,
				07A224EA200BE2C6000866C7 /* Release */,
			);
			defaultConfigurationIsVisible = 0;
			defaultConfigurationName = Release;
		};
		07A224F5200BE300000866C7 /* Build configuration list for PBXNativeTarget "StatioKitResources" */ = {
			isa = XCConfigurationList;
			buildConfigurations = (
				07A224F6200BE300000866C7 /* Debug */,
				07A224F7200BE300000866C7 /* Release */,
			);
			defaultConfigurationIsVisible = 0;
			defaultConfigurationName = Release;
		};
/* End XCConfigurationList section */
	};
	rootObject = 07A224CB200BD301000866C7 /* Project object */;
}
